
Microsoft Visual Studio Solution File, Format Version 12.00
Project("{FAE04EC0-301F-11D3-BF4B-00C04F79EFBC}") = "SparePartsInventoryAssistant", "SparePartsInventoryAssistant.csproj", "{8F8A19EC-B6C4-4CE2-9D19-9715B226E8A3}"
EndProject
Global
	GlobalSection(SolutionConfigurationPlatforms) = preSolution
		Debug|Any CPU = Debug|Any CPU
		Release|Any CPU = Release|Any CPU
	EndGlobalSection
	GlobalSection(ProjectConfigurationPlatforms) = postSolution
		{8F8A19EC-B6C4-4CE2-9D19-9715B226E8A3}.Debug|Any CPU.ActiveCfg = Debug|Any CPU
		{8F8A19EC-B6C4-4CE2-9D19-9715B226E8A3}.Debug|Any CPU.Build.0 = Debug|Any CPU
		{8F8A19EC-B6C4-4CE2-9D19-9715B226E8A3}.Release|Any CPU.ActiveCfg = Release|Any CPU
		{8F8A19EC-B6C4-4CE2-9D19-9715B226E8A3}.Release|Any CPU.Build.0 = Release|Any CPU
	EndGlobalSection
EndGlobal
